
Microsoft Visual Studio Solution File, Format Version 12.00
# Visual Studio Version 17
VisualStudioVersion = 17.2.32526.322
MinimumVisualStudioVersion = 10.0.40219.1
Project("{9A19103F-16F7-4668-BE54-9A1E7A4F7556}") = "WebAppsAutomation", "WebAppsAutomation\WebAppsAutomation.csproj", "{554470CA-C3E4-47F3-90AC-82C73BB451A6}"
EndProject
Global
	GlobalSection(SolutionConfigurationPlatforms) = preSolution
		Debug|Any CPU = Debug|Any CPU
		Release|Any CPU = Release|Any CPU
	EndGlobalSection
	GlobalSection(ProjectConfigurationPlatforms) = postSolution
		{554470CA-C3E4-47F3-90AC-82C73BB451A6}.Debug|Any CPU.ActiveCfg = Debug|Any CPU
		{554470CA-C3E4-47F3-90AC-82C73BB451A6}.Debug|Any CPU.Build.0 = Debug|Any CPU
		{554470CA-C3E4-47F3-90AC-82C73BB451A6}.Release|Any CPU.ActiveCfg = Release|Any CPU
		{554470CA-C3E4-47F3-90AC-82C73BB451A6}.Release|Any CPU.Build.0 = Release|Any CPU
	EndGlobalSection
	GlobalSection(SolutionProperties) = preSolution
		HideSolutionNode = FALSE
	EndGlobalSection
	GlobalSection(ExtensibilityGlobals) = postSolution
		SolutionGuid = {1EB6C0D7-582F-41E7-990B-88206A7BFFCE}
	EndGlobalSection
EndGlobal
